<?xml version="1.0" encoding="UTF-8"?>
<Scheme
   LastUpgradeVersion = "1430"
   version = "1.7">
   <BuildAction
      parallelizeBuildables = "YES"
      buildImplicitDependencies = "YES"
      runPostActionsOnFailure = "NO">
      <BuildActionEntries>
         <BuildActionEntry
            buildForTesting = "YES"
            buildForRunning = "YES"
            buildForProfiling = "YES"
            buildForArchiving = "YES"
            buildForAnalyzing = "YES">
            <BuildableReference
               BuildableIdentifier = "primary"
               BlueprintIdentifier = "C6AE04B6A0AFF873740ADE30"
               BuildableName = "HarnessApp.app"
               BlueprintName = "HarnessApp"
               ReferencedContainer = "container:swift-harness.xcodeproj">
            </BuildableReference>
         </BuildActionEntry>
      </BuildActionEntries>
   </BuildAction>
   <TestAction
      buildConfiguration = "Debug"
      selectedDebuggerIdentifier = "Xcode.DebuggerFoundation.Debugger.LLDB"
      selectedLauncherIdentifier = "Xcode.DebuggerFoundation.Launcher.LLDB"
      shouldUseLaunchSchemeArgsEnv = "YES"
      onlyGenerateCoverageForSpecifiedTargets = "NO">
      <MacroExpansion>
         <BuildableReference
            BuildableIdentifier = "primary"
            BlueprintIdentifier = "C6AE04B6A0AFF873740ADE30"
            BuildableName = "HarnessApp.app"
            BlueprintName = "HarnessApp"
            ReferencedContainer = "container:swift-harness.xcodeproj">
         </BuildableReference>
      </MacroExpansion>
      <Testables>
         <TestableReference
            skipped = "NO"
            parallelizable = "NO">
            <BuildableReference
               BuildableIdentifier = "primary"
               BlueprintIdentifier = "DD8C2D1C355159CC549C74D3"
               BuildableName = "ServiceContainerTests.xctest"
               BlueprintName = "ServiceContainerTests"
               ReferencedContainer = "container:swift-harness.xcodeproj">
            </BuildableReference>
         </TestableReference>
         <TestableReference
            skipped = "NO"
            parallelizable = "NO">
            <BuildableReference
               BuildableIdentifier = "primary"
               BlueprintIdentifier = "588138A585C6DD7E57F5A729"
               BuildableName = "SessionTests.xctest"
               BlueprintName = "SessionTests"
               ReferencedContainer = "container:swift-harness.xcodeproj">
            </BuildableReference>
         </TestableReference>
         <TestableReference
            skipped = "NO"
            parallelizable = "NO">
            <BuildableReference
               BuildableIdentifier = "primary"
               BlueprintIdentifier = "75AA93485FBEB4B52BA29C9E"
               BuildableName = "LLMTests.xctest"
               BlueprintName = "LLMTests"
               ReferencedContainer = "container:swift-harness.xcodeproj">
            </BuildableReference>
         </TestableReference>
         <TestableReference
            skipped = "NO"
            parallelizable = "NO">
            <BuildableReference
               BuildableIdentifier = "primary"
               BlueprintIdentifier = "89DE3E9E90A4F4D3FE5520F3"
               BuildableName = "ToolsTests.xctest"
               BlueprintName = "ToolsTests"
               ReferencedContainer = "container:swift-harness.xcodeproj">
            </BuildableReference>
         </TestableReference>
         <TestableReference
            skipped = "NO"
            parallelizable = "NO">
            <BuildableReference
               BuildableIdentifier = "primary"
               BlueprintIdentifier = "23BFEB97F1B19FB878FA0FE0"
               BuildableName = "AgentTests.xctest"
               BlueprintName = "AgentTests"
               ReferencedContainer = "container:swift-harness.xcodeproj">
            </BuildableReference>
         </TestableReference>
         <TestableReference
            skipped = "NO"
            parallelizable = "NO">
            <BuildableReference
               BuildableIdentifier = "primary"
               BlueprintIdentifier = "A35D36C6F4F406309E9A115F"
               BuildableName = "AccountTests.xctest"
               BlueprintName = "AccountTests"
               ReferencedContainer = "container:swift-harness.xcodeproj">
            </BuildableReference>
         </TestableReference>
         <TestableReference
            skipped = "NO"
            parallelizable = "NO">
            <BuildableReference
               BuildableIdentifier = "primary"
               BlueprintIdentifier = "AEB7D7500AE859FED6C58B2C"
               BuildableName = "WorkspaceTests.xctest"
               BlueprintName = "WorkspaceTests"
               ReferencedContainer = "container:swift-harness.xcodeproj">
            </BuildableReference>
         </TestableReference>
         <TestableReference
            skipped = "NO"
            parallelizable = "NO">
            <BuildableReference
               BuildableIdentifier = "primary"
               BlueprintIdentifier = "8B4748FDF1641329E3C57407"
               BuildableName = "MCPTests.xctest"
               BlueprintName = "MCPTests"
               ReferencedContainer = "container:swift-harness.xcodeproj">
            </BuildableReference>
         </TestableReference>
         <TestableReference
            skipped = "NO"
            parallelizable = "NO">
            <BuildableReference
               BuildableIdentifier = "primary"
               BlueprintIdentifier = "03FEB55788D933EE7D13C854"
               BuildableName = "SkillTests.xctest"
               BlueprintName = "SkillTests"
               ReferencedContainer = "container:swift-harness.xcodeproj">
            </BuildableReference>
         </TestableReference>
         <TestableReference
            skipped = "NO"
            parallelizable = "NO">
            <BuildableReference
               BuildableIdentifier = "primary"
               BlueprintIdentifier = "D3904C88049B36B271F99811"
               BuildableName = "SubagentTests.xctest"
               BlueprintName = "SubagentTests"
               ReferencedContainer = "container:swift-harness.xcodeproj">
            </BuildableReference>
         </TestableReference>
         <TestableReference
            skipped = "NO"
            parallelizable = "NO">
            <BuildableReference
               BuildableIdentifier = "primary"
               BlueprintIdentifier = "BCC2E3218571E22E29889305"
               BuildableName = "PromptTests.xctest"
               BlueprintName = "PromptTests"
               ReferencedContainer = "container:swift-harness.xcodeproj">
            </BuildableReference>
         </TestableReference>
         <TestableReference
            skipped = "NO"
            parallelizable = "NO">
            <BuildableReference
               BuildableIdentifier = "primary"
               BlueprintIdentifier = "0F4B707B59757BCF02BC0A7E"
               BuildableName = "RAGTests.xctest"
               BlueprintName = "RAGTests"
               ReferencedContainer = "container:swift-harness.xcodeproj">
            </BuildableReference>
         </TestableReference>
         <TestableReference
            skipped = "NO"
            parallelizable = "NO">
            <BuildableReference
               BuildableIdentifier = "primary"
               BlueprintIdentifier = "9150170A48BA5F08EB1E0B27"
               BuildableName = "MemoryTests.xctest"
               BlueprintName = "MemoryTests"
               ReferencedContainer = "container:swift-harness.xcodeproj">
            </BuildableReference>
         </TestableReference>
         <TestableReference
            skipped = "NO"
            parallelizable = "NO">
            <BuildableReference
               BuildableIdentifier = "primary"
               BlueprintIdentifier = "9C81F59307046D96C7FB24DB"
               BuildableName = "NotificationsTests.xctest"
               BlueprintName = "NotificationsTests"
               ReferencedContainer = "container:swift-harness.xcodeproj">
            </BuildableReference>
         </TestableReference>
         <TestableReference
            skipped = "NO"
            parallelizable = "NO">
            <BuildableReference
               BuildableIdentifier = "primary"
               BlueprintIdentifier = "80D60A55CC6F5D964AE9A401"
               BuildableName = "PluginXPCTests.xctest"
               BlueprintName = "PluginXPCTests"
               ReferencedContainer = "container:swift-harness.xcodeproj">
            </BuildableReference>
         </TestableReference>
         <TestableReference
            skipped = "NO"
            parallelizable = "NO">
            <BuildableReference
               BuildableIdentifier = "primary"
               BlueprintIdentifier = "60F916AA2C1D658821609101"
               BuildableName = "SandboxTests.xctest"
               BlueprintName = "SandboxTests"
               ReferencedContainer = "container:swift-harness.xcodeproj">
            </BuildableReference>
         </TestableReference>
         <TestableReference
            skipped = "NO"
            parallelizable = "NO">
            <BuildableReference
               BuildableIdentifier = "primary"
               BlueprintIdentifier = "23E50C709D01A6FC5843BA47"
               BuildableName = "TerminalTests.xctest"
               BlueprintName = "TerminalTests"
               ReferencedContainer = "container:swift-harness.xcodeproj">
            </BuildableReference>
         </TestableReference>
         <TestableReference
            skipped = "NO"
            parallelizable = "NO">
            <BuildableReference
               BuildableIdentifier = "primary"
               BlueprintIdentifier = "89EA6CEAF6549519FF4B1976"
               BuildableName = "WebUITests.xctest"
               BlueprintName = "WebUITests"
               ReferencedContainer = "container:swift-harness.xcodeproj">
            </BuildableReference>
         </TestableReference>
         <TestableReference
            skipped = "NO"
            parallelizable = "NO">
            <BuildableReference
               BuildableIdentifier = "primary"
               BlueprintIdentifier = "A0B495F31040872929A3A980"
               BuildableName = "HarnessCoreTests.xctest"
               BlueprintName = "HarnessCoreTests"
               ReferencedContainer = "container:swift-harness.xcodeproj">
            </BuildableReference>
         </TestableReference>
      </Testables>
      <CommandLineArguments>
      </CommandLineArguments>
   </TestAction>
   <LaunchAction
      buildConfiguration = "Debug"
      selectedDebuggerIdentifier = "Xcode.DebuggerFoundation.Debugger.LLDB"
      selectedLauncherIdentifier = "Xcode.DebuggerFoundation.Launcher.LLDB"
      launchStyle = "0"
      useCustomWorkingDirectory = "NO"
      ignoresPersistentStateOnLaunch = "NO"
      debugDocumentVersioning = "YES"
      debugServiceExtension = "internal"
      allowLocationSimulation = "YES">
      <BuildableProductRunnable
         runnableDebuggingMode = "0">
         <BuildableReference
            BuildableIdentifier = "primary"
            BlueprintIdentifier = "C6AE04B6A0AFF873740ADE30"
            BuildableName = "HarnessApp.app"
            BlueprintName = "HarnessApp"
            ReferencedContainer = "container:swift-harness.xcodeproj">
         </BuildableReference>
      </BuildableProductRunnable>
      <CommandLineArguments>
      </CommandLineArguments>
   </LaunchAction>
   <ProfileAction
      buildConfiguration = "Release"
      shouldUseLaunchSchemeArgsEnv = "YES"
      savedToolIdentifier = ""
      useCustomWorkingDirectory = "NO"
      debugDocumentVersioning = "YES">
      <BuildableProductRunnable
         runnableDebuggingMode = "0">
         <BuildableReference
            BuildableIdentifier = "primary"
            BlueprintIdentifier = "C6AE04B6A0AFF873740ADE30"
            BuildableName = "HarnessApp.app"
            BlueprintName = "HarnessApp"
            ReferencedContainer = "container:swift-harness.xcodeproj">
         </BuildableReference>
      </BuildableProductRunnable>
   </ProfileAction>
   <AnalyzeAction
      buildConfiguration = "Debug">
   </AnalyzeAction>
   <ArchiveAction
      buildConfiguration = "Release"
      revealArchiveInOrganizer = "YES">
   </ArchiveAction>
</Scheme>
